
Microsoft Visual Studio Solution File, Format Version 12.00
# Visual Studio 15
VisualStudioVersion = 15.0.28307.421
MinimumVisualStudioVersion = 10.0.40219.1
Project("{FAE04EC0-301F-11D3-BF4B-00C04F79EFBC}") = "AreaAndPerimeter", "AreaAndPerimeter\AreaAndPerimeter.csproj", "{34EDA25C-C4CB-4B0E-AB88-AC5AC51C62EB}"
EndProject
Global
	GlobalSection(SolutionConfigurationPlatforms) = preSolution
		Debug|Any CPU = Debug|Any CPU
		Release|Any CPU = Release|Any CPU
	EndGlobalSection
	GlobalSection(ProjectConfigurationPlatforms) = postSolution
		{34EDA25C-C4CB-4B0E-AB88-AC5AC51C62EB}.Debug|Any CPU.ActiveCfg = Debug|Any CPU
		{34EDA25C-C4CB-4B0E-AB88-AC5AC51C62EB}.Debug|Any CPU.Build.0 = Debug|Any CPU
		{34EDA25C-C4CB-4B0E-AB88-AC5AC51C62EB}.Release|Any CPU.ActiveCfg = Release|Any CPU
		{34EDA25C-C4CB-4B0E-AB88-AC5AC51C62EB}.Release|Any CPU.Build.0 = Release|Any CPU
	EndGlobalSection
	GlobalSection(SolutionProperties) = preSolution
		HideSolutionNode = FALSE
	EndGlobalSection
	GlobalSection(ExtensibilityGlobals) = postSolution
		SolutionGuid = {CE617F76-6692-4A7F-B200-1C9CF5B6D373}
	EndGlobalSection
EndGlobal
